
Microsoft Visual Studio Solution File, Format Version 12.00
# Visual Studio 2013
VisualStudioVersion = 12.0.30723.0
MinimumVisualStudioVersion = 10.0.40219.1
Project("{FAE04EC0-301F-11D3-BF4B-00C04F79EFBC}") = "Tamarind", "Tamarind\Tamarind.csproj", "{FAAB423E-7B08-460E-BF7D-68BCA84F5C1F}"
EndProject
Project("{FAE04EC0-301F-11D3-BF4B-00C04F79EFBC}") = "Tamarind.Tests", "Tamarind.Tests\Tamarind.Tests.csproj", "{48274816-201C-4DE6-AA18-AF04557524BF}"
EndProject
Global
	GlobalSection(SolutionConfigurationPlatforms) = preSolution
		Debug|Any CPU = Debug|Any CPU
		Release|Any CPU = Release|Any CPU
	EndGlobalSection
	GlobalSection(ProjectConfigurationPlatforms) = postSolution
		{FAAB423E-7B08-460E-BF7D-68BCA84F5C1F}.Debug|Any CPU.ActiveCfg = Debug|Any CPU
		{FAAB423E-7B08-460E-BF7D-68BCA84F5C1F}.Debug|Any CPU.Build.0 = Debug|Any CPU
		{FAAB423E-7B08-460E-BF7D-68BCA84F5C1F}.Release|Any CPU.ActiveCfg = Release|Any CPU
		{FAAB423E-7B08-460E-BF7D-68BCA84F5C1F}.Release|Any CPU.Build.0 = Release|Any CPU
		{48274816-201C-4DE6-AA18-AF04557524BF}.Debug|Any CPU.ActiveCfg = Debug|Any CPU
		{48274816-201C-4DE6-AA18-AF04557524BF}.Debug|Any CPU.Build.0 = Debug|Any CPU
		{48274816-201C-4DE6-AA18-AF04557524BF}.Release|Any CPU.ActiveCfg = Release|Any CPU
		{48274816-201C-4DE6-AA18-AF04557524BF}.Release|Any CPU.Build.0 = Release|Any CPU
	EndGlobalSection
	GlobalSection(SolutionProperties) = preSolution
		HideSolutionNode = FALSE
	EndGlobalSection
EndGlobal
